
Microsoft Visual Studio Solution File, Format Version 12.00
# Visual Studio Version 17
VisualStudioVersion = 17.10.35013.160
MinimumVisualStudioVersion = 10.0.40219.1
Project("{FAE04EC0-301F-11D3-BF4B-00C04F79EFBC}") = "GraphicsSolution", "GraphicsSolution\GraphicsSolution.csproj", "{335B0E59-56E3-46B7-9D12-7D4440D9AF30}"
EndProject
Project("{FAE04EC0-301F-11D3-BF4B-00C04F79EFBC}") = "GDIlib", "GDIlib\GDIlib.csproj", "{8CFAD2EA-54D8-43FB-846C-10B71EA12FEC}"
EndProject
Project("{FAE04EC0-301F-11D3-BF4B-00C04F79EFBC}") = "CRM", "CRM\CRM.csproj", "{5513C6FA-0C41-4DBB-B093-6730671A6B98}"
EndProject
Project("{FAE04EC0-301F-11D3-BF4B-00C04F79EFBC}") = "DemoPartial", "DemoPartial\DemoPartial.csproj", "{AD338138-AD37-41F5-8296-962D87B87FA0}"
EndProject
Project("{FAE04EC0-301F-11D3-BF4B-00C04F79EFBC}") = "LibraryManagementSystem", "LibraryManagementSystem\LibraryManagementSystem.csproj", "{3FA77D44-3A62-4AD3-9C9A-87A0359B4F57}"
EndProject
Global
	GlobalSection(SolutionConfigurationPlatforms) = preSolution
		Debug|Any CPU = Debug|Any CPU
		Release|Any CPU = Release|Any CPU
	EndGlobalSection
	GlobalSection(ProjectConfigurationPlatforms) = postSolution
		{335B0E59-56E3-46B7-9D12-7D4440D9AF30}.Debug|Any CPU.ActiveCfg = Debug|Any CPU
		{335B0E59-56E3-46B7-9D12-7D4440D9AF30}.Debug|Any CPU.Build.0 = Debug|Any CPU
		{335B0E59-56E3-46B7-9D12-7D4440D9AF30}.Release|Any CPU.ActiveCfg = Release|Any CPU
		{335B0E59-56E3-46B7-9D12-7D4440D9AF30}.Release|Any CPU.Build.0 = Release|Any CPU
		{8CFAD2EA-54D8-43FB-846C-10B71EA12FEC}.Debug|Any CPU.ActiveCfg = Debug|Any CPU
		{8CFAD2EA-54D8-43FB-846C-10B71EA12FEC}.Debug|Any CPU.Build.0 = Debug|Any CPU
		{8CFAD2EA-54D8-43FB-846C-10B71EA12FEC}.Release|Any CPU.ActiveCfg = Release|Any CPU
		{8CFAD2EA-54D8-43FB-846C-10B71EA12FEC}.Release|Any CPU.Build.0 = Release|Any CPU
		{5513C6FA-0C41-4DBB-B093-6730671A6B98}.Debug|Any CPU.ActiveCfg = Debug|Any CPU
		{5513C6FA-0C41-4DBB-B093-6730671A6B98}.Debug|Any CPU.Build.0 = Debug|Any CPU
		{5513C6FA-0C41-4DBB-B093-6730671A6B98}.Release|Any CPU.ActiveCfg = Release|Any CPU
		{5513C6FA-0C41-4DBB-B093-6730671A6B98}.Release|Any CPU.Build.0 = Release|Any CPU
		{AD338138-AD37-41F5-8296-962D87B87FA0}.Debug|Any CPU.ActiveCfg = Debug|Any CPU
		{AD338138-AD37-41F5-8296-962D87B87FA0}.Debug|Any CPU.Build.0 = Debug|Any CPU
		{AD338138-AD37-41F5-8296-962D87B87FA0}.Release|Any CPU.ActiveCfg = Release|Any CPU
		{AD338138-AD37-41F5-8296-962D87B87FA0}.Release|Any CPU.Build.0 = Release|Any CPU
		{3FA77D44-3A62-4AD3-9C9A-87A0359B4F57}.Debug|Any CPU.ActiveCfg = Debug|Any CPU
		{3FA77D44-3A62-4AD3-9C9A-87A0359B4F57}.Debug|Any CPU.Build.0 = Debug|Any CPU
		{3FA77D44-3A62-4AD3-9C9A-87A0359B4F57}.Release|Any CPU.ActiveCfg = Release|Any CPU
		{3FA77D44-3A62-4AD3-9C9A-87A0359B4F57}.Release|Any CPU.Build.0 = Release|Any CPU
	EndGlobalSection
	GlobalSection(SolutionProperties) = preSolution
		HideSolutionNode = FALSE
	EndGlobalSection
	GlobalSection(ExtensibilityGlobals) = postSolution
		SolutionGuid = {96008753-6086-48C3-879C-4E24BDDAA999}
	EndGlobalSection
EndGlobal
